
Microsoft Visual Studio Solution File, Format Version 12.00
# Visual Studio Version 17
VisualStudioVersion = 17.5.002.0
MinimumVisualStudioVersion = 10.0.40219.1
Project("{9A19103F-16F7-4668-BE54-9A1E7A4F7556}") = "GetArrayUsingReadLine", "GetArrayUsingReadLine.csproj", "{C28835AA-90F6-4464-8646-CA9C51D39D28}"
EndProject
Global
	GlobalSection(SolutionConfigurationPlatforms) = preSolution
		Debug|Any CPU = Debug|Any CPU
		Release|Any CPU = Release|Any CPU
	EndGlobalSection
	GlobalSection(ProjectConfigurationPlatforms) = postSolution
		{C28835AA-90F6-4464-8646-CA9C51D39D28}.Debug|Any CPU.ActiveCfg = Debug|Any CPU
		{C28835AA-90F6-4464-8646-CA9C51D39D28}.Debug|Any CPU.Build.0 = Debug|Any CPU
		{C28835AA-90F6-4464-8646-CA9C51D39D28}.Release|Any CPU.ActiveCfg = Release|Any CPU
		{C28835AA-90F6-4464-8646-CA9C51D39D28}.Release|Any CPU.Build.0 = Release|Any CPU
	EndGlobalSection
	GlobalSection(SolutionProperties) = preSolution
		HideSolutionNode = FALSE
	EndGlobalSection
	GlobalSection(ExtensibilityGlobals) = postSolution
		SolutionGuid = {04ADF7AF-B80E-4755-AFBE-4E3935DC96F7}
	EndGlobalSection
EndGlobal
